
Microsoft Visual Studio Solution File, Format Version 12.00
# Visual Studio 2012
Project("{FAE04EC0-301F-11D3-BF4B-00C04F79EFBC}") = "GATraining", "GATraining\GATraining.csproj", "{F3FB299A-F06E-4BF4-A5BB-18A1D1991314}"
EndProject
Project("{FAE04EC0-301F-11D3-BF4B-00C04F79EFBC}") = "WcfTrainer", "WcfTrainer\WcfTrainer.csproj", "{F57EAF43-D6AC-42F4-AA7D-DC1712808888}"
EndProject
Project("{FAE04EC0-301F-11D3-BF4B-00C04F79EFBC}") = "GeneticLibrary", "GeneticLibrary\GeneticLibrary.csproj", "{FD78B04F-9DE7-4E91-8703-4FEA012FFC3D}"
EndProject
Project("{FAE04EC0-301F-11D3-BF4B-00C04F79EFBC}") = "AlgoLib", "AlgoLib\AlgoLib.csproj", "{499FDAFC-FEC6-4033-AB57-83AB4DA39A0D}"
EndProject
Project("{FAE04EC0-301F-11D3-BF4B-00C04F79EFBC}") = "AISdb", "AISdb\AISdb\AISdb.csproj", "{E38CA1B7-1F86-4777-85D0-252C408C1BA9}"
EndProject
Project("{FAE04EC0-301F-11D3-BF4B-00C04F79EFBC}") = "ANeuralNetwork", "ANeuralNetwork\ANeuralNetwork\ANeuralNetwork.csproj", "{26F2C96D-5279-4340-A2F2-3D0A722B94E1}"
EndProject
Project("{FAE04EC0-301F-11D3-BF4B-00C04F79EFBC}") = "WcfService1", "WcfService1\WcfService1.csproj", "{AFFAA7FD-DF66-4B6D-B459-F10A8B42A319}"
EndProject
Global
	GlobalSection(SolutionConfigurationPlatforms) = preSolution
		Debug|Any CPU = Debug|Any CPU
		Release|Any CPU = Release|Any CPU
	EndGlobalSection
	GlobalSection(ProjectConfigurationPlatforms) = postSolution
		{F3FB299A-F06E-4BF4-A5BB-18A1D1991314}.Debug|Any CPU.ActiveCfg = Debug|Any CPU
		{F3FB299A-F06E-4BF4-A5BB-18A1D1991314}.Debug|Any CPU.Build.0 = Debug|Any CPU
		{F3FB299A-F06E-4BF4-A5BB-18A1D1991314}.Release|Any CPU.ActiveCfg = Release|Any CPU
		{F3FB299A-F06E-4BF4-A5BB-18A1D1991314}.Release|Any CPU.Build.0 = Release|Any CPU
		{F57EAF43-D6AC-42F4-AA7D-DC1712808888}.Debug|Any CPU.ActiveCfg = Debug|Any CPU
		{F57EAF43-D6AC-42F4-AA7D-DC1712808888}.Debug|Any CPU.Build.0 = Debug|Any CPU
		{F57EAF43-D6AC-42F4-AA7D-DC1712808888}.Release|Any CPU.ActiveCfg = Release|Any CPU
		{F57EAF43-D6AC-42F4-AA7D-DC1712808888}.Release|Any CPU.Build.0 = Release|Any CPU
		{FD78B04F-9DE7-4E91-8703-4FEA012FFC3D}.Debug|Any CPU.ActiveCfg = Debug|Any CPU
		{FD78B04F-9DE7-4E91-8703-4FEA012FFC3D}.Debug|Any CPU.Build.0 = Debug|Any CPU
		{FD78B04F-9DE7-4E91-8703-4FEA012FFC3D}.Release|Any CPU.ActiveCfg = Release|Any CPU
		{FD78B04F-9DE7-4E91-8703-4FEA012FFC3D}.Release|Any CPU.Build.0 = Release|Any CPU
		{499FDAFC-FEC6-4033-AB57-83AB4DA39A0D}.Debug|Any CPU.ActiveCfg = Debug|Any CPU
		{499FDAFC-FEC6-4033-AB57-83AB4DA39A0D}.Debug|Any CPU.Build.0 = Debug|Any CPU
		{499FDAFC-FEC6-4033-AB57-83AB4DA39A0D}.Release|Any CPU.ActiveCfg = Release|Any CPU
		{499FDAFC-FEC6-4033-AB57-83AB4DA39A0D}.Release|Any CPU.Build.0 = Release|Any CPU
		{E38CA1B7-1F86-4777-85D0-252C408C1BA9}.Debug|Any CPU.ActiveCfg = Debug|Any CPU
		{E38CA1B7-1F86-4777-85D0-252C408C1BA9}.Debug|Any CPU.Build.0 = Debug|Any CPU
		{E38CA1B7-1F86-4777-85D0-252C408C1BA9}.Release|Any CPU.ActiveCfg = Release|Any CPU
		{E38CA1B7-1F86-4777-85D0-252C408C1BA9}.Release|Any CPU.Build.0 = Release|Any CPU
		{26F2C96D-5279-4340-A2F2-3D0A722B94E1}.Debug|Any CPU.ActiveCfg = Debug|Any CPU
		{26F2C96D-5279-4340-A2F2-3D0A722B94E1}.Debug|Any CPU.Build.0 = Debug|Any CPU
		{26F2C96D-5279-4340-A2F2-3D0A722B94E1}.Release|Any CPU.ActiveCfg = Release|Any CPU
		{26F2C96D-5279-4340-A2F2-3D0A722B94E1}.Release|Any CPU.Build.0 = Release|Any CPU
		{AFFAA7FD-DF66-4B6D-B459-F10A8B42A319}.Debug|Any CPU.ActiveCfg = Debug|Any CPU
		{AFFAA7FD-DF66-4B6D-B459-F10A8B42A319}.Debug|Any CPU.Build.0 = Debug|Any CPU
		{AFFAA7FD-DF66-4B6D-B459-F10A8B42A319}.Release|Any CPU.ActiveCfg = Release|Any CPU
		{AFFAA7FD-DF66-4B6D-B459-F10A8B42A319}.Release|Any CPU.Build.0 = Release|Any CPU
	EndGlobalSection
	GlobalSection(SolutionProperties) = preSolution
		HideSolutionNode = FALSE
	EndGlobalSection
	GlobalSection(MonoDevelopProperties) = preSolution
		StartupItem = AISsrvc\AISsrvc\AISsrvc.csproj
	EndGlobalSection
EndGlobal
